Microsoft Visual Studio Solution File, Format Version 12.00
# Visual Studio 2012
Project("{FAE04EC0-301F-11D3-BF4B-00C04F79EFBC}") = "roguelike", "roguelike.csproj", "{FFBFD8FF-1CB0-4891-8372-1C25288D3000}"
EndProject
Global
	GlobalSection(SolutionConfigurationPlatforms) = preSolution
	Debug|Any CPU = Debug|Any CPU
	ExportDebug|Any CPU = ExportDebug|Any CPU
	ExportRelease|Any CPU = ExportRelease|Any CPU
	EndGlobalSection
	GlobalSection(ProjectConfigurationPlatforms) = postSolution
		{FFBFD8FF-1CB0-4891-8372-1C25288D3000}.Debug|Any CPU.ActiveCfg = Debug|Any CPU
		{FFBFD8FF-1CB0-4891-8372-1C25288D3000}.Debug|Any CPU.Build.0 = Debug|Any CPU
		{FFBFD8FF-1CB0-4891-8372-1C25288D3000}.ExportDebug|Any CPU.ActiveCfg = ExportDebug|Any CPU
		{FFBFD8FF-1CB0-4891-8372-1C25288D3000}.ExportDebug|Any CPU.Build.0 = ExportDebug|Any CPU
		{FFBFD8FF-1CB0-4891-8372-1C25288D3000}.ExportRelease|Any CPU.ActiveCfg = ExportRelease|Any CPU
		{FFBFD8FF-1CB0-4891-8372-1C25288D3000}.ExportRelease|Any CPU.Build.0 = ExportRelease|Any CPU
	EndGlobalSection
EndGlobal
